
Microsoft Visual Studio Solution File, Format Version 12.00
# Visual Studio Version 16
VisualStudioVersion = 16.0.31911.196
MinimumVisualStudioVersion = 10.0.40219.1
Project("{8BC9CEB8-8B4A-11D0-8D11-00A0C91BC942}") = "test_8_15", "test_8_15\test_8_15.vcxproj", "{94DD8E16-0C9B-428B-96E3-B1AE12FC8ABE}"
EndProject
Global
	GlobalSection(SolutionConfigurationPlatforms) = preSolution
		Debug|x64 = Debug|x64
		Debug|x86 = Debug|x86
		Release|x64 = Release|x64
		Release|x86 = Release|x86
	EndGlobalSection
	GlobalSection(ProjectConfigurationPlatforms) = postSolution
		{94DD8E16-0C9B-428B-96E3-B1AE12FC8ABE}.Debug|x64.ActiveCfg = Debug|x64
		{94DD8E16-0C9B-428B-96E3-B1AE12FC8ABE}.Debug|x64.Build.0 = Debug|x64
		{94DD8E16-0C9B-428B-96E3-B1AE12FC8ABE}.Debug|x86.ActiveCfg = Debug|Win32
		{94DD8E16-0C9B-428B-96E3-B1AE12FC8ABE}.Debug|x86.Build.0 = Debug|Win32
		{94DD8E16-0C9B-428B-96E3-B1AE12FC8ABE}.Release|x64.ActiveCfg = Release|x64
		{94DD8E16-0C9B-428B-96E3-B1AE12FC8ABE}.Release|x64.Build.0 = Release|x64
		{94DD8E16-0C9B-428B-96E3-B1AE12FC8ABE}.Release|x86.ActiveCfg = Release|Win32
		{94DD8E16-0C9B-428B-96E3-B1AE12FC8ABE}.Release|x86.Build.0 = Release|Win32
	EndGlobalSection
	GlobalSection(SolutionProperties) = preSolution
		HideSolutionNode = FALSE
	EndGlobalSection
	GlobalSection(ExtensibilityGlobals) = postSolution
		SolutionGuid = {5D05C023-B46C-4384-89BF-00BB88BE54E3}
	EndGlobalSection
EndGlobal
